// !$*UTF8*$!
{
	archiveVersion = 1;
	classes = {
	};
	objectVersion = 46;
	objects = {

/* Begin PBXBuildFile section */
		7ECC31EB1B9C827200F3EE08 /* AppDelegate.swift in Sources */ = {isa = PBXBuildFile; fileRef = 7ECC31EA1B9C827200F3EE08 /* AppDelegate.swift */; };
		7ECC31EE1B9C827200F3EE08 /* Vibl.xcdatamodeld in Sources */ = {isa = PBXBuildFile; fileRef = 7ECC31EC1B9C827200F3EE08 /* Vibl.xcdatamodeld */; };
		7ECC31F01B9C827200F3EE08 /* ViewController.swift in Sources */ = {isa = PBXBuildFile; fileRef = 7ECC31EF1B9C827200F3EE08 /* ViewController.swift */; };
		7ECC31F31B9C827200F3EE08 /* Main.storyboard in Resources */ = {isa = PBXBuildFile; fileRef = 7ECC31F11B9C827200F3EE08 /* Main.storyboard */; };
		7ECC31F51B9C827200F3EE08 /* Images.xcassets in Resources */ = {isa = PBXBuildFile; fileRef = 7ECC31F41B9C827200F3EE08 /* Images.xcassets */; };
		7ECC31F81B9C827200F3EE08 /* LaunchScreen.xib in Resources */ = {isa = PBXBuildFile; fileRef = 7ECC31F61B9C827200F3EE08 /* LaunchScreen.xib */; };
		7ECC32041B9C827200F3EE08 /* ViblTests.swift in Sources */ = {isa = PBXBuildFile; fileRef = 7ECC32031B9C827200F3EE08 /* ViblTests.swift */; };
/* End PBXBuildFile section */

/* Begin PBXContainerItemProxy section */
		7ECC31FE1B9C827200F3EE08 /* PBXContainerItemProxy */ = {
			isa = PBXContainerItemProxy;
			containerPortal = 7ECC31DD1B9C827200F3EE08 /* Project object */;
			proxyType = 1;
			remoteGlobalIDString = 7ECC31E41B9C827200F3EE08;
			remoteInfo = Vibl;
		};
/* End PBXContainerItemProxy section */

/* Begin PBXFileReference section */
		7ECC31E51B9C827200F3EE08 /* Vibl.app */ = {isa = PBXFileReference; explicitFileType = wrapper.application; includeInIndex = 0; path = Vibl.app; sourceTree = BUILT_PRODUCTS_DIR; };
		7ECC31E91B9C827200F3EE08 /* Info.plist */ = {isa = PBXFileReference; lastKnownFileType = text.plist.xml; path = Info.plist; sourceTree = "<group>"; };
		7ECC31EA1B9C827200F3EE08 /* AppDelegate.swift */ = {isa = PBXFileReference; lastKnownFileType = sourcecode.swift; path = AppDelegate.swift; sourceTree = "<group>"; };
		7ECC31ED1B9C827200F3EE08 /* Vibl.xcdatamodel */ = {isa = PBXFileReference; lastKnownFileType = wrapper.xcdatamodel; path = Vibl.xcdatamodel; sourceTree = "<group>"; };
		7ECC31EF1B9C827200F3EE08 /* ViewController.swift */ = {isa = PBXFileReference; lastKnownFileType = sourcecode.swift; path = ViewController.swift; sourceTree = "<group>"; };
		7ECC31F21B9C827200F3EE08 /* Base */ = {isa = PBXFileReference; lastKnownFileType = file.storyboard; name = Base; path = Base.lproj/Main.storyboard; sourceTree = "<group>"; };
		7ECC31F41B9C827200F3EE08 /* Images.xcassets */ = {isa = PBXFileReference; lastKnownFileType = folder.assetcatalog; path = Images.xcassets; sourceTree = "<group>"; };
		7ECC31F71B9C827200F3EE08 /* Base */ = {isa = PBXFileReference; lastKnownFileType = file.xib; name = Base; path = Base.lproj/LaunchScreen.xib; sourceTree = "<group>"; };
		7ECC31FD1B9C827200F3EE08 /* ViblTests.xctest */ = {isa = PBXFileReference; explicitFileType = wrapper.cfbundle; includeInIndex = 0; path = ViblTests.xctest; sourceTree = BUILT_PRODUCTS_DIR; };
		7ECC32021B9C827200F3EE08 /* Info.plist */ = {isa = PBXFileReference; lastKnownFileType = text.plist.xml; path = Info.plist; sourceTree = "<group>"; };
		7ECC32031B9C827200F3EE08 /* ViblTests.swift */ = {isa = PBXFileReference; lastKnownFileType = sourcecode.swift; path = ViblTests.swift; sourceTree = "<group>"; };
/* End PBXFileReference section */

/* Begin PBXFrameworksBuildPhase section */
		7ECC31E21B9C827200F3EE08 /* Frameworks */ = {
			isa = PBXFrameworksBuildPhase;
			buildActionMask = 2147483647;
			files = (
			);
			runOnlyForDeploymentPostprocessing = 0;
		};
		7ECC31FA1B9C827200F3EE08 /* Frameworks */ = {
			isa = PBXFrameworksBuildPhase;
			buildActionMask = 2147483647;
			files = (
			);
			runOnlyForDeploymentPostprocessing = 0;
		};
/* End PBXFrameworksBuildPhase section */

/* Begin PBXGroup section */
		7ECC31DC1B9C827200F3EE08 = {
			isa = PBXGroup;
			children = (
				7ECC31E71B9C827200F3EE08 /* Vibl */,
				7ECC32001B9C827200F3EE08 /* ViblTests */,
				7ECC31E61B9C827200F3EE08 /* Products */,
			);
			sourceTree = "<group>";
		};
		7ECC31E61B9C827200F3EE08 /* Products */ = {
			isa = PBXGroup;
			children = (
				7ECC31E51B9C827200F3EE08 /* Vibl.app */,
				7ECC31FD1B9C827200F3EE08 /* ViblTests.xctest */,
			);
			name = Products;
			sourceTree = "<group>";
		};
		7ECC31E71B9C827200F3EE08 /* Vibl */ = {
			isa = PBXGroup;
			children = (
				7ECC31EA1B9C827200F3EE08 /* AppDelegate.swift */,
				7ECC31EF1B9C827200F3EE08 /* ViewController.swift */,
				7ECC31F11B9C827200F3EE08 /* Main.storyboard */,
				7ECC31F41B9C827200F3EE08 /* Images.xcassets */,
				7ECC31F61B9C827200F3EE08 /* LaunchScreen.xib */,
				7ECC31EC1B9C827200F3EE08 /* Vibl.xcdatamodeld */,
				7ECC31E81B9C827200F3EE08 /* Supporting Files */,
			);
			path = Vibl;
			sourceTree = "<group>";
		};
		7ECC31E81B9C827200F3EE08 /* Supporting Files */ = {
			isa = PBXGroup;
			children = (
				7ECC31E91B9C827200F3EE08 /* Info.plist */,
			);
			name = "Supporting Files";
			sourceTree = "<group>";
		};
		7ECC32001B9C827200F3EE08 /* ViblTests */ = {
			isa = PBXGroup;
			children = (
				7ECC32031B9C827200F3EE08 /* ViblTests.swift */,
				7ECC32011B9C827200F3EE08 /* Supporting Files */,
			);
			path = ViblTests;
			sourceTree = "<group>";
		};
		7ECC32011B9C827200F3EE08 /* Supporting Files */ = {
			isa = PBXGroup;
			children = (
				7ECC32021B9C827200F3EE08 /* Info.plist */,
			);
			name = "Supporting Files";
			sourceTree = "<group>";
		};
/* End PBXGroup section */

/* Begin PBXNativeTarget section */
		7ECC31E41B9C827200F3EE08 /* Vibl */ = {
			isa = PBXNativeTarget;
			buildConfigurationList = 7ECC32071B9C827200F3EE08 /* Build configuration list for PBXNativeTarget "Vibl" */;
			buildPhases = (
				7ECC31E11B9C827200F3EE08 /* Sources */,
				7ECC31E21B9C827200F3EE08 /* Frameworks */,
				7ECC31E31B9C827200F3EE08 /* Resources */,
			);
			buildRules = (
			);
			dependencies = (
			);
			name = Vibl;
			productName = Vibl;
			productReference = 7ECC31E51B9C827200F3EE08 /* Vibl.app */;
			productType = "com.apple.product-type.application";
		};
		7ECC31FC1B9C827200F3EE08 /* ViblTests */ = {
			isa = PBXNativeTarget;
			buildConfigurationList = 7ECC320A1B9C827200F3EE08 /* Build configuration list for PBXNativeTarget "ViblTests" */;
			buildPhases = (
				7ECC31F91B9C827200F3EE08 /* Sources */,
				7ECC31FA1B9C827200F3EE08 /* Frameworks */,
				7ECC31FB1B9C827200F3EE08 /* Resources */,
			);
			buildRules = (
			);
			dependencies = (
				7ECC31FF1B9C827200F3EE08 /* PBXTargetDependency */,
			);
			name = ViblTests;
			productName = ViblTests;
			productReference = 7ECC31FD1B9C827200F3EE08 /* ViblTests.xctest */;
			productType = "com.apple.product-type.bundle.unit-test";
		};
/* End PBXNativeTarget section */

/* Begin PBXProject section */
		7ECC31DD1B9C827200F3EE08 /* Project object */ = {
			isa = PBXProject;
			attributes = {
				LastUpgradeCheck = 0640;
				ORGANIZATIONNAME = "Samuel Molinari";
				TargetAttributes = {
					7ECC31E41B9C827200F3EE08 = {
						CreatedOnToolsVersion = 6.4;
					};
					7ECC31FC1B9C827200F3EE08 = {
						CreatedOnToolsVersion = 6.4;
						TestTargetID = 7ECC31E41B9C827200F3EE08;
					};
				};
			};
			buildConfigurationList = 7ECC31E01B9C827200F3EE08 /* Build configuration list for PBXProject "Vibl" */;
			compatibilityVersion = "Xcode 3.2";
			developmentRegion = English;
			hasScannedForEncodings = 0;
			knownRegions = (
				en,
				Base,
			);
			mainGroup = 7ECC31DC1B9C827200F3EE08;
			productRefGroup = 7ECC31E61B9C827200F3EE08 /* Products */;
			projectDirPath = "";
			projectRoot = "";
			targets = (
				7ECC31E41B9C827200F3EE08 /* Vibl */,
				7ECC31FC1B9C827200F3EE08 /* ViblTests */,
			);
		};
/* End PBXProject section */

/* Begin PBXResourcesBuildPhase section */
		7ECC31E31B9C827200F3EE08 /* Resources */ = {
			isa = PBXResourcesBuildPhase;
			buildActionMask = 2147483647;
			files = (
				7ECC31F31B9C827200F3EE08 /* Main.storyboard in Resources */,
				7ECC31F81B9C827200F3EE08 /* LaunchScreen.xib in Resources */,
				7ECC31F51B9C827200F3EE08 /* Images.xcassets in Resources */,
			);
			runOnlyForDeploymentPostprocessing = 0;
		};
		7ECC31FB1B9C827200F3EE08 /* Resources */ = {
			isa = PBXResourcesBuildPhase;
			buildActionMask = 2147483647;
			files = (
			);
			runOnlyForDeploymentPostprocessing = 0;
		};
/* End PBXResourcesBuildPhase section */

/* Begin PBXSourcesBuildPhase section */
		7ECC31E11B9C827200F3EE08 /* Sources */ = {
			isa = PBXSourcesBuildPhase;
			buildActionMask = 2147483647;
			files = (
				7ECC31F01B9C827200F3EE08 /* ViewController.swift in Sources */,
				7ECC31EE1B9C827200F3EE08 /* Vibl.xcdatamodeld in Sources */,
				7ECC31EB1B9C827200F3EE08 /* AppDelegate.swift in Sources */,
			);
			runOnlyForDeploymentPostprocessing = 0;
		};
		7ECC31F91B9C827200F3EE08 /* Sources */ = {
			isa = PBXSourcesBuildPhase;
			buildActionMask = 2147483647;
			files = (
				7ECC32041B9C827200F3EE08 /* ViblTests.swift in Sources */,
			);
			runOnlyForDeploymentPostprocessing = 0;
		};
/* End PBXSourcesBuildPhase section */

/* Begin PBXTargetDependency section */
		7ECC31FF1B9C827200F3EE08 /* PBXTargetDependency */ = {
			isa = PBXTargetDependency;
			target = 7ECC31E41B9C827200F3EE08 /* Vibl */;
			targetProxy = 7ECC31FE1B9C827200F3EE08 /* PBXContainerItemProxy */;
		};
/* End PBXTargetDependency section */

/* Begin PBXVariantGroup section */
		7ECC31F11B9C827200F3EE08 /* Main.storyboard */ = {
			isa = PBXVariantGroup;
			children = (
				7ECC31F21B9C827200F3EE08 /* Base */,
			);
			name = Main.storyboard;
			sourceTree = "<group>";
		};
		7ECC31F61B9C827200F3EE08 /* LaunchScreen.xib */ = {
			isa = PBXVariantGroup;
			children = (
				7ECC31F71B9C827200F3EE08 /* Base */,
			);
			name = LaunchScreen.xib;
			sourceTree = "<group>";
		};
/* End PBXVariantGroup section */

/* Begin XCBuildConfiguration section */
		7ECC32051B9C827200F3EE08 /* Debug */ = {
			isa = XCBuildConfiguration;
			buildSettings = {
				ALWAYS_SEARCH_USER_PATHS = NO;
				CLANG_CXX_LANGUAGE_STANDARD = "gnu++0x";
				CLANG_CXX_LIBRARY = "libc++";
				CLANG_ENABLE_MODULES = YES;
				CLANG_ENABLE_OBJC_ARC = YES;
				CLANG_WARN_BOOL_CONVERSION = YES;
				CLANG_WARN_CONSTANT_CONVERSION = YES;
				CLANG_WARN_DIRECT_OBJC_ISA_USAGE = YES_ERROR;
				CLANG_WARN_EMPTY_BODY = YES;
				CLANG_WARN_ENUM_CONVERSION = YES;
				CLANG_WARN_INT_CONVERSION = YES;
				CLANG_WARN_OBJC_ROOT_CLASS = YES_ERROR;
				CLANG_WARN_UNREACHABLE_CODE = YES;
				CLANG_WARN__DUPLICATE_METHOD_MATCH = YES;
				"CODE_SIGN_IDENTITY[sdk=iphoneos*]" = "iPhone Developer";
				COPY_PHASE_STRIP = NO;
				DEBUG_INFORMATION_FORMAT = "dwarf-with-dsym";
				ENABLE_STRICT_OBJC_MSGSEND = YES;
				GCC_C_LANGUAGE_STANDARD = gnu99;
				GCC_DYNAMIC_NO_PIC = NO;
				GCC_NO_COMMON_BLOCKS = YES;
				GCC_OPTIMIZATION_LEVEL = 0;
				GCC_PREPROCESSOR_DEFINITIONS = (
					"DEBUG=1",
					"$(inherited)",
				);
				GCC_SYMBOLS_PRIVATE_EXTERN = NO;
				GCC_WARN_64_TO_32_BIT_CONVERSION = YES;
				GCC_WARN_ABOUT_RETURN_TYPE = YES_ERROR;
				GCC_WARN_UNDECLARED_SELECTOR = YES;
				GCC_WARN_UNINITIALIZED_AUTOS = YES_AGGRESSIVE;
				GCC_WARN_UNUSED_FUNCTION = YES;
				GCC_WARN_UNUSED_VARIABLE = YES;
				IPHONEOS_DEPLOYMENT_TARGET = 8.4;
				MTL_ENABLE_DEBUG_INFO = YES;
				ONLY_ACTIVE_ARCH = YES;
				SDKROOT = iphoneos;
				SWIFT_OPTIMIZATION_LEVEL = "-Onone";
			};
			name = Debug;
		};
		7ECC32061B9C827200F3EE08 /* Release */ = {
			isa = XCBuildConfiguration;
			buildSettings = {
				ALWAYS_SEARCH_USER_PATHS = NO;
				CLANG_CXX_LANGUAGE_STANDARD = "gnu++0x";
				CLANG_CXX_LIBRARY = "libc++";
				CLANG_ENABLE_MODULES = YES;
				CLANG_ENABLE_OBJC_ARC = YES;
				CLANG_WARN_BOOL_CONVERSION = YES;
				CLANG_WARN_CONSTANT_CONVERSION = YES;
				CLANG_WARN_DIRECT_OBJC_ISA_USAGE = YES_ERROR;
				CLANG_WARN_EMPTY_BODY = YES;
				CLANG_WARN_ENUM_CONVERSION = YES;
				CLANG_WARN_INT_CONVERSION = YES;
				CLANG_WARN_OBJC_ROOT_CLASS = YES_ERROR;
				CLANG_WARN_UNREACHABLE_CODE = YES;
				CLANG_WARN__DUPLICATE_METHOD_MATCH = YES;
				"CODE_SIGN_IDENTITY[sdk=iphoneos*]" = "iPhone Developer";
				COPY_PHASE_STRIP = NO;
				DEBUG_INFORMATION_FORMAT = "dwarf-with-dsym";
				ENABLE_NS_ASSERTIONS = NO;
				ENABLE_STRICT_OBJC_MSGSEND = YES;
				GCC_C_LANGUAGE_STANDARD = gnu99;
				GCC_NO_COMMON_BLOCKS = YES;
				GCC_WARN_64_TO_32_BIT_CONVERSION = YES;
				GCC_WARN_ABOUT_RETURN_TYPE = YES_ERROR;
				GCC_WARN_UNDECLARED_SELECTOR = YES;
				GCC_WARN_UNINITIALIZED_AUTOS = YES_AGGRESSIVE;
				GCC_WARN_UNUSED_FUNCTION = YES;
				GCC_WARN_UNUSED_VARIABLE = YES;
				IPHONEOS_DEPLOYMENT_TARGET = 8.4;
				MTL_ENABLE_DEBUG_INFO = NO;
				SDKROOT = iphoneos;
				VALIDATE_PRODUCT = YES;
			};
			name = Release;
		};
		7ECC32081B9C827200F3EE08 /* Debug */ = {
			isa = XCBuildConfiguration;
			buildSettings = {
				ASSETCATALOG_COMPILER_APPICON_NAME = AppIcon;
				INFOPLIST_FILE = Vibl/Info.plist;
				LD_RUNPATH_SEARCH_PATHS = "$(inherited) @executable_path/Frameworks";
				PRODUCT_NAME = "$(TARGET_NAME)";
			};
			name = Debug;
		};
		7ECC32091B9C827200F3EE08 /* Release */ = {
			isa = XCBuildConfiguration;
			buildSettings = {
				ASSETCATALOG_COMPILER_APPICON_NAME = AppIcon;
				INFOPLIST_FILE = Vibl/Info.plist;
				LD_RUNPATH_SEARCH_PATHS = "$(inherited) @executable_path/Frameworks";
				PRODUCT_NAME = "$(TARGET_NAME)";
			};
			name = Release;
		};
		7ECC320B1B9C827200F3EE08 /* Debug */ = {
			isa = XCBuildConfiguration;
			buildSettings = {
				BUNDLE_LOADER = "$(TEST_HOST)";
				FRAMEWORK_SEARCH_PATHS = (
					"$(SDKROOT)/Developer/Library/Frameworks",
					"$(inherited)",
				);
				GCC_PREPROCESSOR_DEFINITIONS = (
					"DEBUG=1",
					"$(inherited)",
				);
				INFOPLIST_FILE = ViblTests/Info.plist;
				LD_RUNPATH_SEARCH_PATHS = "$(inherited) @executable_path/Frameworks @loader_path/Frameworks";
				PRODUCT_NAME = "$(TARGET_NAME)";
				TEST_HOST = "$(BUILT_PRODUCTS_DIR)/Vibl.app/Vibl";
			};
			name = Debug;
		};
		7ECC320C1B9C827200F3EE08 /* Release */ = {
			isa = XCBuildConfiguration;
			buildSettings = {
				BUNDLE_LOADER = "$(TEST_HOST)";
				FRAMEWORK_SEARCH_PATHS = (
					"$(SDKROOT)/Developer/Library/Frameworks",
					"$(inherited)",
				);
				INFOPLIST_FILE = ViblTests/Info.plist;
				LD_RUNPATH_SEARCH_PATHS = "$(inherited) @executable_path/Frameworks @loader_path/Frameworks";
				PRODUCT_NAME = "$(TARGET_NAME)";
				TEST_HOST = "$(BUILT_PRODUCTS_DIR)/Vibl.app/Vibl";
			};
			name = Release;
		};
/* End XCBuildConfiguration section */

/* Begin XCConfigurationList section */
		7ECC31E01B9C827200F3EE08 /* Build configuration list for PBXProject "Vibl" */ = {
			isa = XCConfigurationList;
			buildConfigurations = (
				7ECC32051B9C827200F3EE08 /* Debug */,
				7ECC32061B9C827200F3EE08 /* Release */,
			);
			defaultConfigurationIsVisible = 0;
			defaultConfigurationName = Release;
		};
		7ECC32071B9C827200F3EE08 /* Build configuration list for PBXNativeTarget "Vibl" */ = {
			isa = XCConfigurationList;
			buildConfigurations = (
				7ECC32081B9C827200F3EE08 /* Debug */,
				7ECC32091B9C827200F3EE08 /* Release */,
			);
			defaultConfigurationIsVisible = 0;
		};
		7ECC320A1B9C827200F3EE08 /* Build configuration list for PBXNativeTarget "ViblTests" */ = {
			isa = XCConfigurationList;
			buildConfigurations = (
				7ECC320B1B9C827200F3EE08 /* Debug */,
				7ECC320C1B9C827200F3EE08 /* Release */,
			);
			defaultConfigurationIsVisible = 0;
		};
/* End XCConfigurationList section */

/* Begin XCVersionGroup section */
		7ECC31EC1B9C827200F3EE08 /* Vibl.xcdatamodeld */ = {
			isa = XCVersionGroup;
			children = (
				7ECC31ED1B9C827200F3EE08 /* Vibl.xcdatamodel */,
			);
			currentVersion = 7ECC31ED1B9C827200F3EE08 /* Vibl.xcdatamodel */;
			path = Vibl.xcdatamodeld;
			sourceTree = "<group>";
			versionGroupType = wrapper.xcdatamodel;
		};
/* End XCVersionGroup section */
	};
	rootObject = 7ECC31DD1B9C827200F3EE08 /* Project object */;
}
